{
  "nodes": {
    "nixpkgs": {
      "locked": {
        "lastModified": 1611577104,
        "narHash": "sha256-qPUm4NacEULFpE56pGGcs9YFQy7Ny7ytZqaeYpBKzMo=",
        "owner": "djanatyn",
        "repo": "nixpkgs",
        "rev": "9c34a9f21f1af348feb6f904d1ad66ac7b313835",
        "type": "github"
      },
      "original": {
        "owner": "djanatyn",
        "repo": "nixpkgs",
        "type": "github"
      }
    },
    "root": {
      "inputs": {
        "nixpkgs": "nixpkgs"
      }
    }
  },
  "root": "root",
  "version": 7
}
