{
  "nodes": {
    "darwin": {
      "inputs": {
        "nixpkgs": [
          "nixpkgs"
        ]
      },
      "locked": {
        "lastModified": 1645293039,
        "narHash": "sha256-PwdDu+SkX8dreeuJ/4av1sEluNZdrpdXv8JsRKKg1Yc=",
        "owner": "lnl7",
        "repo": "nix-darwin",
        "rev": "1df878b6f8351795a3bebfbe4fd2d02e1e8b29d6",
        "type": "github"
      },
      "original": {
        "owner": "lnl7",
        "repo": "nix-darwin",
        "type": "github"
      }
    },
    "emacs": {
      "locked": {
        "lastModified": 1648636019,
        "narHash": "sha256-+ouEG2bFGttFe9xDgTJ6EQx6MbfZ8Mwvp+K1+CZJNGg=",
        "owner": "nix-community",
        "repo": "emacs-overlay",
        "rev": "af2208c42bca9e11703fd4d3853a56213e88cbb8",
        "type": "github"
      },
      "original": {
        "owner": "nix-community",
        "repo": "emacs-overlay",
        "type": "github"
      }
    },
    "fetch-followers": {
      "inputs": {
        "mozilla": "mozilla",
        "nixpkgs": "nixpkgs"
      },
      "locked": {
        "lastModified": 1652961602,
        "narHash": "sha256-F5Hp/rflTrEzUMNCeUf8pykbObDPfzunGjDaEjHYHhM=",
        "owner": "djanatyn",
        "repo": "fetch-followers",
        "rev": "d40e7f7c3eca3ca19dbaf68403258341c2c1e986",
        "type": "github"
      },
      "original": {
        "owner": "djanatyn",
        "repo": "fetch-followers",
        "type": "github"
      }
    },
    "lowdown-src": {
      "flake": false,
      "locked": {
        "lastModified": 1598695561,
        "narHash": "sha256-gyH/5j+h/nWw0W8AcR2WKvNBUsiQ7QuxqSJNXAwV+8E=",
        "owner": "kristapsdz",
        "repo": "lowdown",
        "rev": "1705b4a26fbf065d9574dce47a94e8c7c79e052f",
        "type": "github"
      },
      "original": {
        "owner": "kristapsdz",
        "repo": "lowdown",
        "type": "github"
      }
    },
    "mozilla": {
      "locked": {
        "lastModified": 1650459918,
        "narHash": "sha256-sroCK+QJTmoXtcRkwZyKOP9iAYOPID2Bwdxn4GkG16w=",
        "owner": "mozilla",
        "repo": "nixpkgs-mozilla",
        "rev": "e1f7540fc0a8b989fb8cf701dc4fd7fc76bcf168",
        "type": "github"
      },
      "original": {
        "owner": "mozilla",
        "repo": "nixpkgs-mozilla",
        "type": "github"
      }
    },
    "nix": {
      "inputs": {
        "lowdown-src": "lowdown-src",
        "nixpkgs": "nixpkgs_3"
      },
      "locked": {
        "lastModified": 1609520816,
        "narHash": "sha256-IGO7tfJXsv9u2wpW76VCzOsHYapRZqH9pHGVsoffPrI=",
        "owner": "NixOS",
        "repo": "nix",
        "rev": "8a2ce0f455da32bc20978e68c0aad9efb4560abc",
        "type": "github"
      },
      "original": {
        "id": "nix",
        "type": "indirect"
      }
    },
    "nix-ld": {
      "inputs": {
        "nixpkgs": [
          "nixpkgs"
        ],
        "utils": "utils"
      },
      "locked": {
        "lastModified": 1646649243,
        "narHash": "sha256-9ty8t5Q8qZTVbGvLXqhqdGB9H9b7vrDJPmucE+4Vq74=",
        "owner": "Mic92",
        "repo": "nix-ld",
        "rev": "eb9cb8dfc22344fee2dd5f23bc952c5c8b771054",
        "type": "github"
      },
      "original": {
        "owner": "Mic92",
        "repo": "nix-ld",
        "type": "github"
      }
    },
    "nixpkgs": {
      "locked": {
        "lastModified": 1650831523,
        "narHash": "sha256-6pDZ08SAXsUx5rOP391x+TG39ENP/XA8VMa1tQvgEjc=",
        "owner": "NixOS",
        "repo": "nixpkgs",
        "rev": "87d34a6b8982e901b8e50096b8e79ebc0e66cda0",
        "type": "github"
      },
      "original": {
        "id": "nixpkgs",
        "type": "indirect"
      }
    },
    "nixpkgs_2": {
      "locked": {
        "lastModified": 1734446070,
        "narHash": "sha256-zO215yjRU9ixKlOmZKwP75NMkVnubh3vsX0tj5nN1SQ=",
        "owner": "NixOS",
        "repo": "nixpkgs",
        "rev": "06c1b1f62103d134491f257d1536ff25bb7ac547",
        "type": "github"
      },
      "original": {
        "id": "nixpkgs",
        "type": "indirect"
      }
    },
    "nixpkgs_3": {
      "locked": {
        "lastModified": 1602702596,
        "narHash": "sha256-fqJ4UgOb4ZUnCDIapDb4gCrtAah5Rnr2/At3IzMitig=",
        "owner": "NixOS",
        "repo": "nixpkgs",
        "rev": "ad0d20345219790533ebe06571f82ed6b034db31",
        "type": "github"
      },
      "original": {
        "id": "nixpkgs",
        "ref": "nixos-20.09-small",
        "type": "indirect"
      }
    },
    "nixpkgs_4": {
      "locked": {
        "lastModified": 1665132027,
        "narHash": "sha256-zoHPqSQSENt96zTk6Mt1AP+dMNqQDshXKQ4I6MfjP80=",
        "owner": "NixOS",
        "repo": "nixpkgs",
        "rev": "9ecc270f02b09b2f6a76b98488554dd842797357",
        "type": "github"
      },
      "original": {
        "owner": "NixOS",
        "ref": "nixos-22.05",
        "repo": "nixpkgs",
        "type": "github"
      }
    },
    "root": {
      "inputs": {
        "darwin": "darwin",
        "emacs": "emacs",
        "fetch-followers": "fetch-followers",
        "nix-ld": "nix-ld",
        "nixpkgs": "nixpkgs_2",
        "ssbm-nix": "ssbm-nix"
      }
    },
    "slippi-desktop": {
      "flake": false,
      "locked": {
        "lastModified": 1607036060,
        "narHash": "sha256-TUYsiVvKAws3N3roZYDwkLB0obyl6zwvh8CAk2RwHrY=",
        "owner": "project-slippi",
        "repo": "slippi-desktop-app",
        "rev": "3ca39ba6bbd02157515b12a79aa01e5d669ad1b1",
        "type": "github"
      },
      "original": {
        "owner": "project-slippi",
        "repo": "slippi-desktop-app",
        "type": "github"
      }
    },
    "ssbm-nix": {
      "inputs": {
        "nix": "nix",
        "nixpkgs": "nixpkgs_4",
        "slippi-desktop": "slippi-desktop"
      },
      "locked": {
        "lastModified": 1665334201,
        "narHash": "sha256-oWka87mnMxBvvzVAZ1chS/PjTQIcoFc9jhUQ/6bDR00=",
        "owner": "djanatyn",
        "repo": "ssbm-nix",
        "rev": "24caa7ae2ac833576bd475d54778afb0b972daba",
        "type": "github"
      },
      "original": {
        "owner": "djanatyn",
        "ref": "update/nixpkgs-git",
        "repo": "ssbm-nix",
        "type": "github"
      }
    },
    "utils": {
      "locked": {
        "lastModified": 1610051610,
        "narHash": "sha256-U9rPz/usA1/Aohhk7Cmc2gBrEEKRzcW4nwPWMPwja4Y=",
        "owner": "numtide",
        "repo": "flake-utils",
        "rev": "3982c9903e93927c2164caa727cd3f6a0e6d14cc",
        "type": "github"
      },
      "original": {
        "owner": "numtide",
        "repo": "flake-utils",
        "type": "github"
      }
    }
  },
  "root": "root",
  "version": 7
}
